
Microsoft Visual Studio Solution File, Format Version 12.00
# Visual Studio Version 16
VisualStudioVersion = 16.0.29102.190
MinimumVisualStudioVersion = 10.0.40219.1
Project("{9A19103F-16F7-4668-BE54-9A1E7A4F7556}") = "DataBoss", "DataBoss.csproj", "{C698683C-1C33-46FE-BDA9-54B54144A7CE}"
EndProject
Project("{9A19103F-16F7-4668-BE54-9A1E7A4F7556}") = "DataBoss.Specs", "..\DataBoss.Specs\DataBoss.Specs.csproj", "{E925A6BF-9C36-4CAB-A368-4EA26AA9E57C}"
EndProject
Project("{2150E333-8FDC-42A3-9474-1A3956D46DE8}") = "Solution Items", "Solution Items", "{6C61E09D-69AC-474F-8A80-18863A9662E8}"
	ProjectSection(SolutionItems) = preProject
		..\.editorconfig = ..\.editorconfig
		..\DataBoss.props = ..\DataBoss.props
		..\Tools\DataBoss.targets = ..\Tools\DataBoss.targets
		..\Directory.Build.props = ..\Directory.Build.props
		..\Package-Release.ps1 = ..\Package-Release.ps1
		..\README.md = ..\README.md
	EndProjectSection
EndProject
Project("{9A19103F-16F7-4668-BE54-9A1E7A4F7556}") = "DataBoss.Data", "..\DataBoss.Data\DataBoss.Data.csproj", "{4762C02C-A4CD-4C1C-8ECA-BC58034C6042}"
EndProject
Project("{9A19103F-16F7-4668-BE54-9A1E7A4F7556}") = "DataBoss.Linq", "..\DataBoss.Linq\DataBoss.Linq.csproj", "{43A469D3-FD7F-4BF7-9FA8-C9A9AFD495FA}"
EndProject
Project("{9A19103F-16F7-4668-BE54-9A1E7A4F7556}") = "DataBoss.DataPackage", "..\DataBoss.DataPackage\DataBoss.DataPackage.csproj", "{C4DC8807-D670-414F-8A22-2B675BAE6469}"
EndProject
Project("{9A19103F-16F7-4668-BE54-9A1E7A4F7556}") = "DataBoss.Cli", "..\DataBoss.Cli\DataBoss.Cli.csproj", "{78E2110C-5020-4635-B51A-4862A8A25322}"
EndProject
Project("{9A19103F-16F7-4668-BE54-9A1E7A4F7556}") = "DataBoss.Data.MsSql", "..\DataBoss.Data.MsSql\DataBoss.Data.MsSql.csproj", "{970E6AE5-8D3E-4BD4-9444-BFC7B511017F}"
EndProject
Project("{9A19103F-16F7-4668-BE54-9A1E7A4F7556}") = "DataBoss.Data.SqlClient", "..\DataBoss.Data.SqlClient\DataBoss.Data.SqlClient.csproj", "{EE5DD2E4-DC63-437C-AE24-BD0A02ECF212}"
EndProject
Project("{9A19103F-16F7-4668-BE54-9A1E7A4F7556}") = "DataBoss.DataPackage.Specs", "..\DataBoss.DataPackage.Specs\DataBoss.DataPackage.Specs.csproj", "{0CF688CF-574F-4FF7-98AE-25940E27C47E}"
EndProject
Project("{FAE04EC0-301F-11D3-BF4B-00C04F79EFBC}") = "DataBoss.Testing.SqlServer", "..\Source\DataBoss.Testing.SqlServer\DataBoss.Testing.SqlServer.csproj", "{05BF9004-F782-44C5-B5C6-84CCE722971C}"
EndProject
Global
	GlobalSection(SolutionConfigurationPlatforms) = preSolution
		Debug|Any CPU = Debug|Any CPU
		Release|Any CPU = Release|Any CPU
	EndGlobalSection
	GlobalSection(ProjectConfigurationPlatforms) = postSolution
		{C698683C-1C33-46FE-BDA9-54B54144A7CE}.Debug|Any CPU.ActiveCfg = Debug|Any CPU
		{C698683C-1C33-46FE-BDA9-54B54144A7CE}.Debug|Any CPU.Build.0 = Debug|Any CPU
		{C698683C-1C33-46FE-BDA9-54B54144A7CE}.Release|Any CPU.ActiveCfg = Release|Any CPU
		{C698683C-1C33-46FE-BDA9-54B54144A7CE}.Release|Any CPU.Build.0 = Release|Any CPU
		{E925A6BF-9C36-4CAB-A368-4EA26AA9E57C}.Debug|Any CPU.ActiveCfg = Debug|Any CPU
		{E925A6BF-9C36-4CAB-A368-4EA26AA9E57C}.Debug|Any CPU.Build.0 = Debug|Any CPU
		{E925A6BF-9C36-4CAB-A368-4EA26AA9E57C}.Release|Any CPU.ActiveCfg = Release|Any CPU
		{E925A6BF-9C36-4CAB-A368-4EA26AA9E57C}.Release|Any CPU.Build.0 = Release|Any CPU
		{4762C02C-A4CD-4C1C-8ECA-BC58034C6042}.Debug|Any CPU.ActiveCfg = Debug|Any CPU
		{4762C02C-A4CD-4C1C-8ECA-BC58034C6042}.Debug|Any CPU.Build.0 = Debug|Any CPU
		{4762C02C-A4CD-4C1C-8ECA-BC58034C6042}.Release|Any CPU.ActiveCfg = Release|Any CPU
		{4762C02C-A4CD-4C1C-8ECA-BC58034C6042}.Release|Any CPU.Build.0 = Release|Any CPU
		{43A469D3-FD7F-4BF7-9FA8-C9A9AFD495FA}.Debug|Any CPU.ActiveCfg = Debug|Any CPU
		{43A469D3-FD7F-4BF7-9FA8-C9A9AFD495FA}.Debug|Any CPU.Build.0 = Debug|Any CPU
		{43A469D3-FD7F-4BF7-9FA8-C9A9AFD495FA}.Release|Any CPU.ActiveCfg = Release|Any CPU
		{43A469D3-FD7F-4BF7-9FA8-C9A9AFD495FA}.Release|Any CPU.Build.0 = Release|Any CPU
		{C4DC8807-D670-414F-8A22-2B675BAE6469}.Debug|Any CPU.ActiveCfg = Debug|Any CPU
		{C4DC8807-D670-414F-8A22-2B675BAE6469}.Debug|Any CPU.Build.0 = Debug|Any CPU
		{C4DC8807-D670-414F-8A22-2B675BAE6469}.Release|Any CPU.ActiveCfg = Release|Any CPU
		{C4DC8807-D670-414F-8A22-2B675BAE6469}.Release|Any CPU.Build.0 = Release|Any CPU
		{78E2110C-5020-4635-B51A-4862A8A25322}.Debug|Any CPU.ActiveCfg = Debug|Any CPU
		{78E2110C-5020-4635-B51A-4862A8A25322}.Debug|Any CPU.Build.0 = Debug|Any CPU
		{78E2110C-5020-4635-B51A-4862A8A25322}.Release|Any CPU.ActiveCfg = Release|Any CPU
		{78E2110C-5020-4635-B51A-4862A8A25322}.Release|Any CPU.Build.0 = Release|Any CPU
		{970E6AE5-8D3E-4BD4-9444-BFC7B511017F}.Debug|Any CPU.ActiveCfg = Debug|Any CPU
		{970E6AE5-8D3E-4BD4-9444-BFC7B511017F}.Debug|Any CPU.Build.0 = Debug|Any CPU
		{970E6AE5-8D3E-4BD4-9444-BFC7B511017F}.Release|Any CPU.ActiveCfg = Release|Any CPU
		{970E6AE5-8D3E-4BD4-9444-BFC7B511017F}.Release|Any CPU.Build.0 = Release|Any CPU
		{EE5DD2E4-DC63-437C-AE24-BD0A02ECF212}.Debug|Any CPU.ActiveCfg = Debug|Any CPU
		{EE5DD2E4-DC63-437C-AE24-BD0A02ECF212}.Debug|Any CPU.Build.0 = Debug|Any CPU
		{EE5DD2E4-DC63-437C-AE24-BD0A02ECF212}.Release|Any CPU.ActiveCfg = Release|Any CPU
		{EE5DD2E4-DC63-437C-AE24-BD0A02ECF212}.Release|Any CPU.Build.0 = Release|Any CPU
		{0CF688CF-574F-4FF7-98AE-25940E27C47E}.Debug|Any CPU.ActiveCfg = Debug|Any CPU
		{0CF688CF-574F-4FF7-98AE-25940E27C47E}.Debug|Any CPU.Build.0 = Debug|Any CPU
		{0CF688CF-574F-4FF7-98AE-25940E27C47E}.Release|Any CPU.ActiveCfg = Release|Any CPU
		{0CF688CF-574F-4FF7-98AE-25940E27C47E}.Release|Any CPU.Build.0 = Release|Any CPU
		{05BF9004-F782-44C5-B5C6-84CCE722971C}.Debug|Any CPU.ActiveCfg = Debug|Any CPU
		{05BF9004-F782-44C5-B5C6-84CCE722971C}.Debug|Any CPU.Build.0 = Debug|Any CPU
		{05BF9004-F782-44C5-B5C6-84CCE722971C}.Release|Any CPU.ActiveCfg = Release|Any CPU
		{05BF9004-F782-44C5-B5C6-84CCE722971C}.Release|Any CPU.Build.0 = Release|Any CPU
	EndGlobalSection
	GlobalSection(SolutionProperties) = preSolution
		HideSolutionNode = FALSE
	EndGlobalSection
	GlobalSection(ExtensibilityGlobals) = postSolution
		SolutionGuid = {5004119A-9CE1-487E-8201-5F7F75808141}
	EndGlobalSection
EndGlobal
