
Microsoft Visual Studio Solution File, Format Version 12.00
# Visual Studio 15
VisualStudioVersion = 15.0.27004.2009
MinimumVisualStudioVersion = 10.0.40219.1
Project("{9A19103F-16F7-4668-BE54-9A1E7A4F7556}") = "DataBoss", "DataBoss.csproj", "{C698683C-1C33-46FE-BDA9-54B54144A7CE}"
EndProject
Project("{9A19103F-16F7-4668-BE54-9A1E7A4F7556}") = "DataBoss.Specs", "..\DataBoss.Specs\DataBoss.Specs.csproj", "{E925A6BF-9C36-4CAB-A368-4EA26AA9E57C}"
EndProject
Project("{2150E333-8FDC-42A3-9474-1A3956D46DE8}") = "Solution Items", "Solution Items", "{6C61E09D-69AC-474F-8A80-18863A9662E8}"
	ProjectSection(SolutionItems) = preProject
		..\.editorconfig = ..\.editorconfig
		..\Build.proj = ..\Build.proj
		..\Tools\DataBoss.targets = ..\Tools\DataBoss.targets
		..\Package-Release.ps1 = ..\Package-Release.ps1
		..\README.md = ..\README.md
	EndProjectSection
EndProject
Project("{FAE04EC0-301F-11D3-BF4B-00C04F79EFBC}") = "DataBoss.Program", "..\DataBoss.Program\DataBoss.Program.csproj", "{8E941F8D-9745-44C9-AC73-DF5E079D8E8E}"
EndProject
Project("{9A19103F-16F7-4668-BE54-9A1E7A4F7556}") = "DataBoss.Data", "..\DataBoss.Data\DataBoss.Data.csproj", "{4762C02C-A4CD-4C1C-8ECA-BC58034C6042}"
EndProject
Global
	GlobalSection(SolutionConfigurationPlatforms) = preSolution
		Debug|Any CPU = Debug|Any CPU
		Release|Any CPU = Release|Any CPU
	EndGlobalSection
	GlobalSection(ProjectConfigurationPlatforms) = postSolution
		{C698683C-1C33-46FE-BDA9-54B54144A7CE}.Debug|Any CPU.ActiveCfg = Debug|Any CPU
		{C698683C-1C33-46FE-BDA9-54B54144A7CE}.Debug|Any CPU.Build.0 = Debug|Any CPU
		{C698683C-1C33-46FE-BDA9-54B54144A7CE}.Release|Any CPU.ActiveCfg = Release|Any CPU
		{C698683C-1C33-46FE-BDA9-54B54144A7CE}.Release|Any CPU.Build.0 = Release|Any CPU
		{E925A6BF-9C36-4CAB-A368-4EA26AA9E57C}.Debug|Any CPU.ActiveCfg = Debug|Any CPU
		{E925A6BF-9C36-4CAB-A368-4EA26AA9E57C}.Debug|Any CPU.Build.0 = Debug|Any CPU
		{E925A6BF-9C36-4CAB-A368-4EA26AA9E57C}.Release|Any CPU.ActiveCfg = Release|Any CPU
		{E925A6BF-9C36-4CAB-A368-4EA26AA9E57C}.Release|Any CPU.Build.0 = Release|Any CPU
		{8E941F8D-9745-44C9-AC73-DF5E079D8E8E}.Debug|Any CPU.ActiveCfg = Debug|Any CPU
		{8E941F8D-9745-44C9-AC73-DF5E079D8E8E}.Debug|Any CPU.Build.0 = Debug|Any CPU
		{8E941F8D-9745-44C9-AC73-DF5E079D8E8E}.Release|Any CPU.ActiveCfg = Release|Any CPU
		{8E941F8D-9745-44C9-AC73-DF5E079D8E8E}.Release|Any CPU.Build.0 = Release|Any CPU
		{4762C02C-A4CD-4C1C-8ECA-BC58034C6042}.Debug|Any CPU.ActiveCfg = Debug|Any CPU
		{4762C02C-A4CD-4C1C-8ECA-BC58034C6042}.Debug|Any CPU.Build.0 = Debug|Any CPU
		{4762C02C-A4CD-4C1C-8ECA-BC58034C6042}.Release|Any CPU.ActiveCfg = Release|Any CPU
		{4762C02C-A4CD-4C1C-8ECA-BC58034C6042}.Release|Any CPU.Build.0 = Release|Any CPU
	EndGlobalSection
	GlobalSection(SolutionProperties) = preSolution
		HideSolutionNode = FALSE
	EndGlobalSection
	GlobalSection(ExtensibilityGlobals) = postSolution
		SolutionGuid = {5004119A-9CE1-487E-8201-5F7F75808141}
	EndGlobalSection
EndGlobal
